
Microsoft Visual Studio Solution File, Format Version 12.00
# Visual Studio Version 17
VisualStudioVersion = 17.7.34221.43
MinimumVisualStudioVersion = 10.0.40219.1
Project("{FAE04EC0-301F-11D3-BF4B-00C04F79EFBC}") = "Volunteerorganizer22", "Volunteerorganizer22.csproj", "{3F020D04-51F1-425C-B672-1850DC8389BA}"
EndProject
Global
	GlobalSection(SolutionConfigurationPlatforms) = preSolution
		Debug|Any CPU = Debug|Any CPU
		Release|Any CPU = Release|Any CPU
	EndGlobalSection
	GlobalSection(ProjectConfigurationPlatforms) = postSolution
		{3F020D04-51F1-425C-B672-1850DC8389BA}.Debug|Any CPU.ActiveCfg = Debug|Any CPU
		{3F020D04-51F1-425C-B672-1850DC8389BA}.Debug|Any CPU.Build.0 = Debug|Any CPU
		{3F020D04-51F1-425C-B672-1850DC8389BA}.Release|Any CPU.ActiveCfg = Release|Any CPU
		{3F020D04-51F1-425C-B672-1850DC8389BA}.Release|Any CPU.Build.0 = Release|Any CPU
	EndGlobalSection
	GlobalSection(SolutionProperties) = preSolution
		HideSolutionNode = FALSE
	EndGlobalSection
	GlobalSection(ExtensibilityGlobals) = postSolution
		SolutionGuid = {7EC6A89A-0271-412F-8CAE-47D82CE1399F}
	EndGlobalSection
EndGlobal
